
Microsoft Visual Studio Solution File, Format Version 12.00
# Visual Studio Version 17
VisualStudioVersion = 17.8.34408.163
MinimumVisualStudioVersion = 10.0.40219.1
Project("{FAE04EC0-301F-11D3-BF4B-00C04F79EFBC}") = "DovizOfisi", "DovizOfisi\DovizOfisi.csproj", "{A78D7A7E-642E-4E05-AEB4-B4CFF1747553}"
EndProject
Global
	GlobalSection(SolutionConfigurationPlatforms) = preSolution
		Debug|Any CPU = Debug|Any CPU
		Release|Any CPU = Release|Any CPU
	EndGlobalSection
	GlobalSection(ProjectConfigurationPlatforms) = postSolution
		{A78D7A7E-642E-4E05-AEB4-B4CFF1747553}.Debug|Any CPU.ActiveCfg = Debug|Any CPU
		{A78D7A7E-642E-4E05-AEB4-B4CFF1747553}.Debug|Any CPU.Build.0 = Debug|Any CPU
		{A78D7A7E-642E-4E05-AEB4-B4CFF1747553}.Release|Any CPU.ActiveCfg = Release|Any CPU
		{A78D7A7E-642E-4E05-AEB4-B4CFF1747553}.Release|Any CPU.Build.0 = Release|Any CPU
	EndGlobalSection
	GlobalSection(SolutionProperties) = preSolution
		HideSolutionNode = FALSE
	EndGlobalSection
	GlobalSection(ExtensibilityGlobals) = postSolution
		SolutionGuid = {AA4BDCCA-8666-4E33-8C5C-7571A2382F10}
	EndGlobalSection
EndGlobal
